// !$*UTF8*$!
{
	archiveVersion = 1;
	classes = {
	};
	objectVersion = 46;
	objects = {

/* Begin PBXBuildFile section */
		6EB5E79A1BF8C6C7001E21CA /* AppDelegate.swift in Sources */ = {isa = PBXBuildFile; fileRef = 6EB5E7991BF8C6C7001E21CA /* AppDelegate.swift */; };
		6EB5E79C1BF8C6C7001E21CA /* ItemViewController.swift in Sources */ = {isa = PBXBuildFile; fileRef = 6EB5E79B1BF8C6C7001E21CA /* ItemViewController.swift */; };
		6EB5E79F1BF8C6C7001E21CA /* Main.storyboard in Resources */ = {isa = PBXBuildFile; fileRef = 6EB5E79D1BF8C6C7001E21CA /* Main.storyboard */; };
		6EB5E7A21BF8C6C7001E21CA /* Proyecto_Final.xcdatamodeld in Sources */ = {isa = PBXBuildFile; fileRef = 6EB5E7A01BF8C6C7001E21CA /* Proyecto_Final.xcdatamodeld */; };
		6EB5E7A41BF8C6C7001E21CA /* Assets.xcassets in Resources */ = {isa = PBXBuildFile; fileRef = 6EB5E7A31BF8C6C7001E21CA /* Assets.xcassets */; };
		6EB5E7A71BF8C6C7001E21CA /* LaunchScreen.storyboard in Resources */ = {isa = PBXBuildFile; fileRef = 6EB5E7A51BF8C6C7001E21CA /* LaunchScreen.storyboard */; };
		6EB5E7B01BF8CBA4001E21CA /* MedicalHistoryTableViewController.swift in Sources */ = {isa = PBXBuildFile; fileRef = 6EB5E7AF1BF8CBA4001E21CA /* MedicalHistoryTableViewController.swift */; };
		6EB5E7B21BF8CC02001E21CA /* MedicalHistory.swift in Sources */ = {isa = PBXBuildFile; fileRef = 6EB5E7B11BF8CC02001E21CA /* MedicalHistory.swift */; };
/* End PBXBuildFile section */

/* Begin PBXFileReference section */
		6EB5E7961BF8C6C7001E21CA /* Proyecto Final.app */ = {isa = PBXFileReference; explicitFileType = wrapper.application; includeInIndex = 0; path = "Proyecto Final.app"; sourceTree = BUILT_PRODUCTS_DIR; };
		6EB5E7991BF8C6C7001E21CA /* AppDelegate.swift */ = {isa = PBXFileReference; lastKnownFileType = sourcecode.swift; path = AppDelegate.swift; sourceTree = "<group>"; };
		6EB5E79B1BF8C6C7001E21CA /* ItemViewController.swift */ = {isa = PBXFileReference; lastKnownFileType = sourcecode.swift; path = ItemViewController.swift; sourceTree = "<group>"; };
		6EB5E79E1BF8C6C7001E21CA /* Base */ = {isa = PBXFileReference; lastKnownFileType = file.storyboard; name = Base; path = Base.lproj/Main.storyboard; sourceTree = "<group>"; };
		6EB5E7A11BF8C6C7001E21CA /* Proyecto_Final.xcdatamodel */ = {isa = PBXFileReference; lastKnownFileType = wrapper.xcdatamodel; path = Proyecto_Final.xcdatamodel; sourceTree = "<group>"; };
		6EB5E7A31BF8C6C7001E21CA /* Assets.xcassets */ = {isa = PBXFileReference; lastKnownFileType = folder.assetcatalog; path = Assets.xcassets; sourceTree = "<group>"; };
		6EB5E7A61BF8C6C7001E21CA /* Base */ = {isa = PBXFileReference; lastKnownFileType = file.storyboard; name = Base; path = Base.lproj/LaunchScreen.storyboard; sourceTree = "<group>"; };
		6EB5E7A81BF8C6C7001E21CA /* Info.plist */ = {isa = PBXFileReference; lastKnownFileType = text.plist.xml; path = Info.plist; sourceTree = "<group>"; };
		6EB5E7AF1BF8CBA4001E21CA /* MedicalHistoryTableViewController.swift */ = {isa = PBXFileReference; fileEncoding = 4; lastKnownFileType = sourcecode.swift; path = MedicalHistoryTableViewController.swift; sourceTree = "<group>"; };
		6EB5E7B11BF8CC02001E21CA /* MedicalHistory.swift */ = {isa = PBXFileReference; fileEncoding = 4; lastKnownFileType = sourcecode.swift; path = MedicalHistory.swift; sourceTree = "<group>"; };
/* End PBXFileReference section */

/* Begin PBXFrameworksBuildPhase section */
		6EB5E7931BF8C6C7001E21CA /* Frameworks */ = {
			isa = PBXFrameworksBuildPhase;
			buildActionMask = 2147483647;
			files = (
			);
			runOnlyForDeploymentPostprocessing = 0;
		};
/* End PBXFrameworksBuildPhase section */

/* Begin PBXGroup section */
		6EB5E78D1BF8C6C7001E21CA = {
			isa = PBXGroup;
			children = (
				6EB5E7981BF8C6C7001E21CA /* Proyecto Final */,
				6EB5E7971BF8C6C7001E21CA /* Products */,
			);
			sourceTree = "<group>";
		};
		6EB5E7971BF8C6C7001E21CA /* Products */ = {
			isa = PBXGroup;
			children = (
				6EB5E7961BF8C6C7001E21CA /* Proyecto Final.app */,
			);
			name = Products;
			sourceTree = "<group>";
		};
		6EB5E7981BF8C6C7001E21CA /* Proyecto Final */ = {
			isa = PBXGroup;
			children = (
				6EB5E7AE1BF8CB84001E21CA /* Model */,
				6EB5E7991BF8C6C7001E21CA /* AppDelegate.swift */,
				6EB5E79B1BF8C6C7001E21CA /* ItemViewController.swift */,
				6EB5E79D1BF8C6C7001E21CA /* Main.storyboard */,
				6EB5E7A31BF8C6C7001E21CA /* Assets.xcassets */,
				6EB5E7A51BF8C6C7001E21CA /* LaunchScreen.storyboard */,
				6EB5E7A81BF8C6C7001E21CA /* Info.plist */,
				6EB5E7A01BF8C6C7001E21CA /* Proyecto_Final.xcdatamodeld */,
				6EB5E7AF1BF8CBA4001E21CA /* MedicalHistoryTableViewController.swift */,
			);
			path = "Proyecto Final";
			sourceTree = "<group>";
		};
		6EB5E7AE1BF8CB84001E21CA /* Model */ = {
			isa = PBXGroup;
			children = (
				6EB5E7B11BF8CC02001E21CA /* MedicalHistory.swift */,
			);
			name = Model;
			sourceTree = "<group>";
		};
/* End PBXGroup section */

/* Begin PBXNativeTarget section */
		6EB5E7951BF8C6C7001E21CA /* Proyecto Final */ = {
			isa = PBXNativeTarget;
			buildConfigurationList = 6EB5E7AB1BF8C6C7001E21CA /* Build configuration list for PBXNativeTarget "Proyecto Final" */;
			buildPhases = (
				6EB5E7921BF8C6C7001E21CA /* Sources */,
				6EB5E7931BF8C6C7001E21CA /* Frameworks */,
				6EB5E7941BF8C6C7001E21CA /* Resources */,
			);
			buildRules = (
			);
			dependencies = (
			);
			name = "Proyecto Final";
			productName = "Proyecto Final";
			productReference = 6EB5E7961BF8C6C7001E21CA /* Proyecto Final.app */;
			productType = "com.apple.product-type.application";
		};
/* End PBXNativeTarget section */

/* Begin PBXProject section */
		6EB5E78E1BF8C6C7001E21CA /* Project object */ = {
			isa = PBXProject;
			attributes = {
				LastUpgradeCheck = 0700;
				ORGANIZATIONNAME = "Geek Corporation S.R.L.";
				TargetAttributes = {
					6EB5E7951BF8C6C7001E21CA = {
						CreatedOnToolsVersion = 7.0;
					};
				};
			};
			buildConfigurationList = 6EB5E7911BF8C6C7001E21CA /* Build configuration list for PBXProject "Proyecto Final" */;
			compatibilityVersion = "Xcode 3.2";
			developmentRegion = English;
			hasScannedForEncodings = 0;
			knownRegions = (
				en,
				Base,
			);
			mainGroup = 6EB5E78D1BF8C6C7001E21CA;
			productRefGroup = 6EB5E7971BF8C6C7001E21CA /* Products */;
			projectDirPath = "";
			projectRoot = "";
			targets = (
				6EB5E7951BF8C6C7001E21CA /* Proyecto Final */,
			);
		};
/* End PBXProject section */

/* Begin PBXResourcesBuildPhase section */
		6EB5E7941BF8C6C7001E21CA /* Resources */ = {
			isa = PBXResourcesBuildPhase;
			buildActionMask = 2147483647;
			files = (
				6EB5E7A71BF8C6C7001E21CA /* LaunchScreen.storyboard in Resources */,
				6EB5E7A41BF8C6C7001E21CA /* Assets.xcassets in Resources */,
				6EB5E79F1BF8C6C7001E21CA /* Main.storyboard in Resources */,
			);
			runOnlyForDeploymentPostprocessing = 0;
		};
/* End PBXResourcesBuildPhase section */

/* Begin PBXSourcesBuildPhase section */
		6EB5E7921BF8C6C7001E21CA /* Sources */ = {
			isa = PBXSourcesBuildPhase;
			buildActionMask = 2147483647;
			files = (
				6EB5E7B21BF8CC02001E21CA /* MedicalHistory.swift in Sources */,
				6EB5E79C1BF8C6C7001E21CA /* ItemViewController.swift in Sources */,
				6EB5E7A21BF8C6C7001E21CA /* Proyecto_Final.xcdatamodeld in Sources */,
				6EB5E7B01BF8CBA4001E21CA /* MedicalHistoryTableViewController.swift in Sources */,
				6EB5E79A1BF8C6C7001E21CA /* AppDelegate.swift in Sources */,
			);
			runOnlyForDeploymentPostprocessing = 0;
		};
/* End PBXSourcesBuildPhase section */

/* Begin PBXVariantGroup section */
		6EB5E79D1BF8C6C7001E21CA /* Main.storyboard */ = {
			isa = PBXVariantGroup;
			children = (
				6EB5E79E1BF8C6C7001E21CA /* Base */,
			);
			name = Main.storyboard;
			sourceTree = "<group>";
		};
		6EB5E7A51BF8C6C7001E21CA /* LaunchScreen.storyboard */ = {
			isa = PBXVariantGroup;
			children = (
				6EB5E7A61BF8C6C7001E21CA /* Base */,
			);
			name = LaunchScreen.storyboard;
			sourceTree = "<group>";
		};
/* End PBXVariantGroup section */

/* Begin XCBuildConfiguration section */
		6EB5E7A91BF8C6C7001E21CA /* Debug */ = {
			isa = XCBuildConfiguration;
			buildSettings = {
				ALWAYS_SEARCH_USER_PATHS = NO;
				CLANG_CXX_LANGUAGE_STANDARD = "gnu++0x";
				CLANG_CXX_LIBRARY = "libc++";
				CLANG_ENABLE_MODULES = YES;
				CLANG_ENABLE_OBJC_ARC = YES;
				CLANG_WARN_BOOL_CONVERSION = YES;
				CLANG_WARN_CONSTANT_CONVERSION = YES;
				CLANG_WARN_DIRECT_OBJC_ISA_USAGE = YES_ERROR;
				CLANG_WARN_EMPTY_BODY = YES;
				CLANG_WARN_ENUM_CONVERSION = YES;
				CLANG_WARN_INT_CONVERSION = YES;
				CLANG_WARN_OBJC_ROOT_CLASS = YES_ERROR;
				CLANG_WARN_UNREACHABLE_CODE = YES;
				CLANG_WARN__DUPLICATE_METHOD_MATCH = YES;
				"CODE_SIGN_IDENTITY[sdk=iphoneos*]" = "iPhone Developer";
				COPY_PHASE_STRIP = NO;
				DEBUG_INFORMATION_FORMAT = dwarf;
				ENABLE_STRICT_OBJC_MSGSEND = YES;
				ENABLE_TESTABILITY = YES;
				GCC_C_LANGUAGE_STANDARD = gnu99;
				GCC_DYNAMIC_NO_PIC = NO;
				GCC_NO_COMMON_BLOCKS = YES;
				GCC_OPTIMIZATION_LEVEL = 0;
				GCC_PREPROCESSOR_DEFINITIONS = (
					"DEBUG=1",
					"$(inherited)",
				);
				GCC_WARN_64_TO_32_BIT_CONVERSION = YES;
				GCC_WARN_ABOUT_RETURN_TYPE = YES_ERROR;
				GCC_WARN_UNDECLARED_SELECTOR = YES;
				GCC_WARN_UNINITIALIZED_AUTOS = YES_AGGRESSIVE;
				GCC_WARN_UNUSED_FUNCTION = YES;
				GCC_WARN_UNUSED_VARIABLE = YES;
				IPHONEOS_DEPLOYMENT_TARGET = 9.0;
				MTL_ENABLE_DEBUG_INFO = YES;
				ONLY_ACTIVE_ARCH = YES;
				SDKROOT = iphoneos;
				SWIFT_OPTIMIZATION_LEVEL = "-Onone";
				TARGETED_DEVICE_FAMILY = "1,2";
			};
			name = Debug;
		};
		6EB5E7AA1BF8C6C7001E21CA /* Release */ = {
			isa = XCBuildConfiguration;
			buildSettings = {
				ALWAYS_SEARCH_USER_PATHS = NO;
				CLANG_CXX_LANGUAGE_STANDARD = "gnu++0x";
				CLANG_CXX_LIBRARY = "libc++";
				CLANG_ENABLE_MODULES = YES;
				CLANG_ENABLE_OBJC_ARC = YES;
				CLANG_WARN_BOOL_CONVERSION = YES;
				CLANG_WARN_CONSTANT_CONVERSION = YES;
				CLANG_WARN_DIRECT_OBJC_ISA_USAGE = YES_ERROR;
				CLANG_WARN_EMPTY_BODY = YES;
				CLANG_WARN_ENUM_CONVERSION = YES;
				CLANG_WARN_INT_CONVERSION = YES;
				CLANG_WARN_OBJC_ROOT_CLASS = YES_ERROR;
				CLANG_WARN_UNREACHABLE_CODE = YES;
				CLANG_WARN__DUPLICATE_METHOD_MATCH = YES;
				"CODE_SIGN_IDENTITY[sdk=iphoneos*]" = "iPhone Developer";
				COPY_PHASE_STRIP = NO;
				DEBUG_INFORMATION_FORMAT = "dwarf-with-dsym";
				ENABLE_NS_ASSERTIONS = NO;
				ENABLE_STRICT_OBJC_MSGSEND = YES;
				GCC_C_LANGUAGE_STANDARD = gnu99;
				GCC_NO_COMMON_BLOCKS = YES;
				GCC_WARN_64_TO_32_BIT_CONVERSION = YES;
				GCC_WARN_ABOUT_RETURN_TYPE = YES_ERROR;
				GCC_WARN_UNDECLARED_SELECTOR = YES;
				GCC_WARN_UNINITIALIZED_AUTOS = YES_AGGRESSIVE;
				GCC_WARN_UNUSED_FUNCTION = YES;
				GCC_WARN_UNUSED_VARIABLE = YES;
				IPHONEOS_DEPLOYMENT_TARGET = 9.0;
				MTL_ENABLE_DEBUG_INFO = NO;
				SDKROOT = iphoneos;
				TARGETED_DEVICE_FAMILY = "1,2";
				VALIDATE_PRODUCT = YES;
			};
			name = Release;
		};
		6EB5E7AC1BF8C6C7001E21CA /* Debug */ = {
			isa = XCBuildConfiguration;
			buildSettings = {
				ASSETCATALOG_COMPILER_APPICON_NAME = AppIcon;
				INFOPLIST_FILE = "Proyecto Final/Info.plist";
				LD_RUNPATH_SEARCH_PATHS = "$(inherited) @executable_path/Frameworks";
				PRODUCT_BUNDLE_IDENTIFIER = "org.geekcorporation.Proyecto-Final";
				PRODUCT_NAME = "$(TARGET_NAME)";
			};
			name = Debug;
		};
		6EB5E7AD1BF8C6C7001E21CA /* Release */ = {
			isa = XCBuildConfiguration;
			buildSettings = {
				ASSETCATALOG_COMPILER_APPICON_NAME = AppIcon;
				INFOPLIST_FILE = "Proyecto Final/Info.plist";
				LD_RUNPATH_SEARCH_PATHS = "$(inherited) @executable_path/Frameworks";
				PRODUCT_BUNDLE_IDENTIFIER = "org.geekcorporation.Proyecto-Final";
				PRODUCT_NAME = "$(TARGET_NAME)";
			};
			name = Release;
		};
/* End XCBuildConfiguration section */

/* Begin XCConfigurationList section */
		6EB5E7911BF8C6C7001E21CA /* Build configuration list for PBXProject "Proyecto Final" */ = {
			isa = XCConfigurationList;
			buildConfigurations = (
				6EB5E7A91BF8C6C7001E21CA /* Debug */,
				6EB5E7AA1BF8C6C7001E21CA /* Release */,
			);
			defaultConfigurationIsVisible = 0;
			defaultConfigurationName = Release;
		};
		6EB5E7AB1BF8C6C7001E21CA /* Build configuration list for PBXNativeTarget "Proyecto Final" */ = {
			isa = XCConfigurationList;
			buildConfigurations = (
				6EB5E7AC1BF8C6C7001E21CA /* Debug */,
				6EB5E7AD1BF8C6C7001E21CA /* Release */,
			);
			defaultConfigurationIsVisible = 0;
		};
/* End XCConfigurationList section */

/* Begin XCVersionGroup section */
		6EB5E7A01BF8C6C7001E21CA /* Proyecto_Final.xcdatamodeld */ = {
			isa = XCVersionGroup;
			children = (
				6EB5E7A11BF8C6C7001E21CA /* Proyecto_Final.xcdatamodel */,
			);
			currentVersion = 6EB5E7A11BF8C6C7001E21CA /* Proyecto_Final.xcdatamodel */;
			path = Proyecto_Final.xcdatamodeld;
			sourceTree = "<group>";
			versionGroupType = wrapper.xcdatamodel;
		};
/* End XCVersionGroup section */
	};
	rootObject = 6EB5E78E1BF8C6C7001E21CA /* Project object */;
}
